
Microsoft Visual Studio Solution File, Format Version 12.00
# Visual Studio Version 16
VisualStudioVersion = 16.0.30114.105
MinimumVisualStudioVersion = 10.0.40219.1
Project("{FAE04EC0-301F-11D3-BF4B-00C04F79EFBC}") = "Main", "Main\Main.csproj", "{90E06DAD-2B75-4066-B88F-54B8A36B00B7}"
EndProject
Project("{FAE04EC0-301F-11D3-BF4B-00C04F79EFBC}") = "BinarySearch", "BinarySearch\BinarySearch.csproj", "{1CF2BC09-39E2-498F-AC86-158189E466F3}"
EndProject
Project("{FAE04EC0-301F-11D3-BF4B-00C04F79EFBC}") = "ArrayBase", "ArrayBase\ArrayBase.csproj", "{BC0A78A5-E763-4B0C-9DDF-D321184EF91D}"
EndProject
Project("{FAE04EC0-301F-11D3-BF4B-00C04F79EFBC}") = "BinarySearchRecursion", "BinarySearchRecursion\BinarySearchRecursion.csproj", "{72C7A42B-C9D7-4806-81DB-DEE1C8FA8046}"
EndProject
Project("{FAE04EC0-301F-11D3-BF4B-00C04F79EFBC}") = "FindMissingNumberInIntegerList", "FindMissingNumberInIntegerList\FindMissingNumberInIntegerList.csproj", "{9765A7BA-BED9-482B-81FB-15DF1C99B0EF}"
EndProject
Project("{FAE04EC0-301F-11D3-BF4B-00C04F79EFBC}") = "FirstRepeatedElementInArray", "FirstRepeatedElementInArray\FirstRepeatedElementInArray.csproj", "{E007E8EE-33EA-48BB-AC30-224A9EF2AFF1}"
EndProject
Project("{FAE04EC0-301F-11D3-BF4B-00C04F79EFBC}") = "LinearSearchSorted", "LinearSearchSorted\LinearSearchSorted.csproj", "{7F915A9A-F781-4999-A867-65DA88B6DD17}"
EndProject
Project("{FAE04EC0-301F-11D3-BF4B-00C04F79EFBC}") = "LinearSearchUnsorted", "LinearSearchUnsorted\LinearSearchUnsorted.csproj", "{ACC30225-4847-4E2F-954D-CD158EB4E1DF}"
EndProject
Project("{FAE04EC0-301F-11D3-BF4B-00C04F79EFBC}") = "RemoveDuplicatesInIntegerList", "RemoveDuplicatesInIntegerList\RemoveDuplicatesInIntegerList.csproj", "{AF083EEF-3907-414F-96C7-551B6A8069A3}"
EndProject
Project("{FAE04EC0-301F-11D3-BF4B-00C04F79EFBC}") = "Timing", "Timing\Timing.csproj", "{9D201255-17B9-42AB-B01B-CF208D33D511}"
EndProject
Project("{FAE04EC0-301F-11D3-BF4B-00C04F79EFBC}") = "BubbleSort", "BubbleSort\BubbleSort.csproj", "{C006EEE1-201D-4B9B-BFDA-57D4FD525574}"
EndProject
Project("{FAE04EC0-301F-11D3-BF4B-00C04F79EFBC}") = "SelectionSort", "SelectionSort\SelectionSort.csproj", "{34B9E49C-9386-47F8-9B4D-DFE991AF4106}"
EndProject
Global
	GlobalSection(SolutionConfigurationPlatforms) = preSolution
		Debug|Any CPU = Debug|Any CPU
		Release|Any CPU = Release|Any CPU
	EndGlobalSection
	GlobalSection(SolutionProperties) = preSolution
		HideSolutionNode = FALSE
	EndGlobalSection
	GlobalSection(ProjectConfigurationPlatforms) = postSolution
		{C9117733-4F55-4777-AC09-FBE824D65EFF}.Debug|Any CPU.ActiveCfg = Debug|Any CPU
		{C9117733-4F55-4777-AC09-FBE824D65EFF}.Debug|Any CPU.Build.0 = Debug|Any CPU
		{C9117733-4F55-4777-AC09-FBE824D65EFF}.Release|Any CPU.ActiveCfg = Release|Any CPU
		{C9117733-4F55-4777-AC09-FBE824D65EFF}.Release|Any CPU.Build.0 = Release|Any CPU
		{90E06DAD-2B75-4066-B88F-54B8A36B00B7}.Debug|Any CPU.ActiveCfg = Debug|Any CPU
		{90E06DAD-2B75-4066-B88F-54B8A36B00B7}.Debug|Any CPU.Build.0 = Debug|Any CPU
		{90E06DAD-2B75-4066-B88F-54B8A36B00B7}.Release|Any CPU.ActiveCfg = Release|Any CPU
		{90E06DAD-2B75-4066-B88F-54B8A36B00B7}.Release|Any CPU.Build.0 = Release|Any CPU
		{1CF2BC09-39E2-498F-AC86-158189E466F3}.Debug|Any CPU.ActiveCfg = Debug|Any CPU
		{1CF2BC09-39E2-498F-AC86-158189E466F3}.Debug|Any CPU.Build.0 = Debug|Any CPU
		{1CF2BC09-39E2-498F-AC86-158189E466F3}.Release|Any CPU.ActiveCfg = Release|Any CPU
		{1CF2BC09-39E2-498F-AC86-158189E466F3}.Release|Any CPU.Build.0 = Release|Any CPU
		{BC0A78A5-E763-4B0C-9DDF-D321184EF91D}.Debug|Any CPU.ActiveCfg = Debug|Any CPU
		{BC0A78A5-E763-4B0C-9DDF-D321184EF91D}.Debug|Any CPU.Build.0 = Debug|Any CPU
		{BC0A78A5-E763-4B0C-9DDF-D321184EF91D}.Release|Any CPU.ActiveCfg = Release|Any CPU
		{BC0A78A5-E763-4B0C-9DDF-D321184EF91D}.Release|Any CPU.Build.0 = Release|Any CPU
		{72C7A42B-C9D7-4806-81DB-DEE1C8FA8046}.Debug|Any CPU.ActiveCfg = Debug|Any CPU
		{72C7A42B-C9D7-4806-81DB-DEE1C8FA8046}.Debug|Any CPU.Build.0 = Debug|Any CPU
		{72C7A42B-C9D7-4806-81DB-DEE1C8FA8046}.Release|Any CPU.ActiveCfg = Release|Any CPU
		{72C7A42B-C9D7-4806-81DB-DEE1C8FA8046}.Release|Any CPU.Build.0 = Release|Any CPU
		{9765A7BA-BED9-482B-81FB-15DF1C99B0EF}.Debug|Any CPU.ActiveCfg = Debug|Any CPU
		{9765A7BA-BED9-482B-81FB-15DF1C99B0EF}.Debug|Any CPU.Build.0 = Debug|Any CPU
		{9765A7BA-BED9-482B-81FB-15DF1C99B0EF}.Release|Any CPU.ActiveCfg = Release|Any CPU
		{9765A7BA-BED9-482B-81FB-15DF1C99B0EF}.Release|Any CPU.Build.0 = Release|Any CPU
		{E007E8EE-33EA-48BB-AC30-224A9EF2AFF1}.Debug|Any CPU.ActiveCfg = Debug|Any CPU
		{E007E8EE-33EA-48BB-AC30-224A9EF2AFF1}.Debug|Any CPU.Build.0 = Debug|Any CPU
		{E007E8EE-33EA-48BB-AC30-224A9EF2AFF1}.Release|Any CPU.ActiveCfg = Release|Any CPU
		{E007E8EE-33EA-48BB-AC30-224A9EF2AFF1}.Release|Any CPU.Build.0 = Release|Any CPU
		{7F915A9A-F781-4999-A867-65DA88B6DD17}.Debug|Any CPU.ActiveCfg = Debug|Any CPU
		{7F915A9A-F781-4999-A867-65DA88B6DD17}.Debug|Any CPU.Build.0 = Debug|Any CPU
		{7F915A9A-F781-4999-A867-65DA88B6DD17}.Release|Any CPU.ActiveCfg = Release|Any CPU
		{7F915A9A-F781-4999-A867-65DA88B6DD17}.Release|Any CPU.Build.0 = Release|Any CPU
		{ACC30225-4847-4E2F-954D-CD158EB4E1DF}.Debug|Any CPU.ActiveCfg = Debug|Any CPU
		{ACC30225-4847-4E2F-954D-CD158EB4E1DF}.Debug|Any CPU.Build.0 = Debug|Any CPU
		{ACC30225-4847-4E2F-954D-CD158EB4E1DF}.Release|Any CPU.ActiveCfg = Release|Any CPU
		{ACC30225-4847-4E2F-954D-CD158EB4E1DF}.Release|Any CPU.Build.0 = Release|Any CPU
		{AF083EEF-3907-414F-96C7-551B6A8069A3}.Debug|Any CPU.ActiveCfg = Debug|Any CPU
		{AF083EEF-3907-414F-96C7-551B6A8069A3}.Debug|Any CPU.Build.0 = Debug|Any CPU
		{AF083EEF-3907-414F-96C7-551B6A8069A3}.Release|Any CPU.ActiveCfg = Release|Any CPU
		{AF083EEF-3907-414F-96C7-551B6A8069A3}.Release|Any CPU.Build.0 = Release|Any CPU
		{9D201255-17B9-42AB-B01B-CF208D33D511}.Debug|Any CPU.ActiveCfg = Debug|Any CPU
		{9D201255-17B9-42AB-B01B-CF208D33D511}.Debug|Any CPU.Build.0 = Debug|Any CPU
		{9D201255-17B9-42AB-B01B-CF208D33D511}.Release|Any CPU.ActiveCfg = Release|Any CPU
		{9D201255-17B9-42AB-B01B-CF208D33D511}.Release|Any CPU.Build.0 = Release|Any CPU
		{C006EEE1-201D-4B9B-BFDA-57D4FD525574}.Debug|Any CPU.ActiveCfg = Debug|Any CPU
		{C006EEE1-201D-4B9B-BFDA-57D4FD525574}.Debug|Any CPU.Build.0 = Debug|Any CPU
		{C006EEE1-201D-4B9B-BFDA-57D4FD525574}.Release|Any CPU.ActiveCfg = Release|Any CPU
		{C006EEE1-201D-4B9B-BFDA-57D4FD525574}.Release|Any CPU.Build.0 = Release|Any CPU
		{34B9E49C-9386-47F8-9B4D-DFE991AF4106}.Debug|Any CPU.ActiveCfg = Debug|Any CPU
		{34B9E49C-9386-47F8-9B4D-DFE991AF4106}.Debug|Any CPU.Build.0 = Debug|Any CPU
		{34B9E49C-9386-47F8-9B4D-DFE991AF4106}.Release|Any CPU.ActiveCfg = Release|Any CPU
		{34B9E49C-9386-47F8-9B4D-DFE991AF4106}.Release|Any CPU.Build.0 = Release|Any CPU
	EndGlobalSection
EndGlobal
